{
    "_meta": {
        "hash": {
            "sha256": "e578101b4ab8b088cac4d3404fb99f28678953cab33836f7d9290b1db26fa82d"
        },
        "pipfile-spec": 6,
        "requires": {
            "python_version": "3.11"
        },
        "sources": [
            {
                "name": "pypi",
                "url": "https://pypi.org/simple",
                "verify_ssl": true
            }
        ]
    },
    "default": {
        "pip": {
            "hashes": [
                "sha256:78e5353a9dda374b462f2054f83a7b63f3f065c98236a68361845c1b0ee7e35f",
                "sha256:a160a170f3331d9ca1a0247eb1cd79c758879f1f81158f9cd05bbb5df80bea5c"
            ],
            "index": "pypi",
            "version": "==23.2"
        }
    },
    "develop": {}
}
